
Microsoft Visual Studio Solution File, Format Version 12.00
# Visual Studio Version 17
VisualStudioVersion = 17.6.33829.357
MinimumVisualStudioVersion = 10.0.40219.1
Project("{FAE04EC0-301F-11D3-BF4B-00C04F79EFBC}") = "C_Sharp_Learning", "C_Sharp_Learning\C_Sharp_Learning.csproj", "{ACF2679F-39E0-4766-AEDA-67D4E38C9047}"
EndProject
Global
	GlobalSection(SolutionConfigurationPlatforms) = preSolution
		Debug|Any CPU = Debug|Any CPU
		Release|Any CPU = Release|Any CPU
	EndGlobalSection
	GlobalSection(ProjectConfigurationPlatforms) = postSolution
		{ACF2679F-39E0-4766-AEDA-67D4E38C9047}.Debug|Any CPU.ActiveCfg = Debug|Any CPU
		{ACF2679F-39E0-4766-AEDA-67D4E38C9047}.Debug|Any CPU.Build.0 = Debug|Any CPU
		{ACF2679F-39E0-4766-AEDA-67D4E38C9047}.Release|Any CPU.ActiveCfg = Release|Any CPU
		{ACF2679F-39E0-4766-AEDA-67D4E38C9047}.Release|Any CPU.Build.0 = Release|Any CPU
	EndGlobalSection
	GlobalSection(SolutionProperties) = preSolution
		HideSolutionNode = FALSE
	EndGlobalSection
	GlobalSection(ExtensibilityGlobals) = postSolution
		SolutionGuid = {204F9CBB-3E71-416C-BEF3-EF78B3D84453}
	EndGlobalSection
EndGlobal
